
Microsoft Visual Studio Solution File, Format Version 12.00
# Visual Studio 15
VisualStudioVersion = 15.0.28010.2026
MinimumVisualStudioVersion = 10.0.40219.1
Project("{FAE04EC0-301F-11D3-BF4B-00C04F79EFBC}") = "GoogleImageDownloader", "GoogleImageDownloader\GoogleImageDownloader.csproj", "{1B9DB569-71B1-4E5E-8AD1-E4C55D8EE222}"
EndProject
Global
	GlobalSection(SolutionConfigurationPlatforms) = preSolution
		Debug|Any CPU = Debug|Any CPU
		Release|Any CPU = Release|Any CPU
	EndGlobalSection
	GlobalSection(ProjectConfigurationPlatforms) = postSolution
		{1B9DB569-71B1-4E5E-8AD1-E4C55D8EE222}.Debug|Any CPU.ActiveCfg = Debug|Any CPU
		{1B9DB569-71B1-4E5E-8AD1-E4C55D8EE222}.Debug|Any CPU.Build.0 = Debug|Any CPU
		{1B9DB569-71B1-4E5E-8AD1-E4C55D8EE222}.Release|Any CPU.ActiveCfg = Release|Any CPU
		{1B9DB569-71B1-4E5E-8AD1-E4C55D8EE222}.Release|Any CPU.Build.0 = Release|Any CPU
	EndGlobalSection
	GlobalSection(SolutionProperties) = preSolution
		HideSolutionNode = FALSE
	EndGlobalSection
	GlobalSection(ExtensibilityGlobals) = postSolution
		SolutionGuid = {74F25AFF-A5BC-4300-A807-9B48EEF335EA}
	EndGlobalSection
EndGlobal
